{
    "_readme": [
        "This file locks the dependencies of your project to a known state",
        "Read more about it at https://getcomposer.org/doc/01-basic-usage.md#installing-dependencies",
        "This file is @generated automatically"
    ],
    "content-hash": "6bb4dd74acd674512110616c033cfcff",
    "packages": [
        {
            "name": "aaemnnosttv/wp-cli-valet-command",
            "version": "v1.3.0",
            "source": {
                "type": "git",
                "url": "https://github.com/aaemnnosttv/wp-cli-valet-command.git",
                "reference": "d9d1de7d68fcb7d055de4958a49321843110991a"
            },
            "dist": {
                "type": "zip",
                "url": "https://api.github.com/repos/aaemnnosttv/wp-cli-valet-command/zipball/d9d1de7d68fcb7d055de4958a49321843110991a",
                "reference": "d9d1de7d68fcb7d055de4958a49321843110991a",
                "shasum": ""
            },
            "require": {
                "illuminate/container": ">=5.1 <5.7 || ^6.5.1 || ^7 || ^8",
                "php": ">=5.5",
                "symfony/filesystem": "^2.7 || ^3 || ^4",
                "wp-cli/config-command": "^1 || ^2",
                "wp-cli/core-command": "^1 || ^2",
                "wp-cli/db-command": "^1 || ^2",
                "wp-cli/wp-cli": "^1 || ^2"
            },
            "require-dev": {
                "aaemnnosttv/wp-sqlite-db": "^1.0",
                "koodimonni/composer-dropin-installer": "^1.2",
                "roave/security-advisories": "dev-master",
                "roots/bedrock": "^1.8",
                "wp-cli/entity-command": "^1 || ^2",
                "wp-cli/eval-command": "^1 || ^2",
                "wp-cli/scaffold-package-command": "^2.0",
                "wp-cli/wp-cli-tests": "^3.0.15"
            },
            "type": "wp-cli-package",
            "extra": {
                "commands": [
                    "valet new",
                    "valet destroy"
                ],
                "readme": {
                    "shields": [
                        "[![Travis Build](https://img.shields.io/travis/aaemnnosttv/wp-cli-valet-command/master.svg)](https://travis-ci.org/aaemnnosttv/wp-cli-valet-command)",
                        "[![Packagist](https://img.shields.io/packagist/v/aaemnnosttv/wp-cli-valet-command.svg)](https://packagist.org/packages/aaemnnosttv/wp-cli-valet-command)"
                    ],
                    "sections": [
                        "Using",
                        "Installing",
                        "Troubleshooting",
                        "Support",
                        "Contributing"
                    ],
                    "installing": {
                        "pre": "PREREQUISITES.md"
                    },
                    "troubleshooting": {
                        "pre": "TROUBLESHOOTING.md"
                    }
                }
            },
            "autoload": {
                "files": [
                    "command.php"
                ],
                "psr-4": {
                    "WP_CLI_Valet\\": "src"
                }
            },
            "notification-url": "https://packagist.org/downloads/",
            "license": [
                "MIT"
            ],
            "authors": [
                {
                    "name": "Evan Mattson",
                    "email": "me@aaemnnost.tv",
                    "homepage": "https://aaemnnost.tv"
                }
            ],
            "description": "White-glove services for turn-key installs in seconds.",
            "homepage": "https://aaemnnost.tv/wp-cli-commands/valet/",
            "keywords": [
                "laravel",
                "valet",
                "wordpress",
                "zonda"
            ],
            "support": {
                "issues": "https://github.com/aaemnnosttv/wp-cli-valet-command/issues",
                "source": "https://github.com/aaemnnosttv/wp-cli-valet-command/tree/v1.3.0"
            },
            "time": "2021-09-07T21:00:59+00:00"
        },
        {
            "name": "composer/semver",
            "version": "3.3.2",
            "source": {
                "type": "git",
                "url": "https://github.com/composer/semver.git",
                "reference": "3953f23262f2bff1919fc82183ad9acb13ff62c9"
            },
            "dist": {
                "type": "zip",
                "url": "https://api.github.com/repos/composer/semver/zipball/3953f23262f2bff1919fc82183ad9acb13ff62c9",
                "reference": "3953f23262f2bff1919fc82183ad9acb13ff62c9",
                "shasum": ""
            },
            "require": {
                "php": "^5.3.2 || ^7.0 || ^8.0"
            },
            "require-dev": {
                "phpstan/phpstan": "^1.4",
                "symfony/phpunit-bridge": "^4.2 || ^5"
            },
            "type": "library",
            "extra": {
                "branch-alias": {
                    "dev-main": "3.x-dev"
                }
            },
            "autoload": {
                "psr-4": {
                    "Composer\\Semver\\": "src"
                }
            },
            "notification-url": "https://packagist.org/downloads/",
            "license": [
                "MIT"
            ],
            "authors": [
                {
                    "name": "Nils Adermann",
                    "email": "naderman@naderman.de",
                    "homepage": "http://www.naderman.de"
                },
                {
                    "name": "Jordi Boggiano",
                    "email": "j.boggiano@seld.be",
                    "homepage": "http://seld.be"
                },
                {
                    "name": "Rob Bast",
                    "email": "rob.bast@gmail.com",
                    "homepage": "http://robbast.nl"
                }
            ],
            "description": "Semver library that offers utilities, version constraint parsing and validation.",
            "keywords": [
                "semantic",
                "semver",
                "validation",
                "versioning"
            ],
            "support": {
                "irc": "irc://irc.freenode.org/composer",
                "issues": "https://github.com/composer/semver/issues",
                "source": "https://github.com/composer/semver/tree/3.3.2"
            },
            "funding": [
                {
                    "url": "https://packagist.com",
                    "type": "custom"
                },
                {
                    "url": "https://github.com/composer",
                    "type": "github"
                },
                {
                    "url": "https://tidelift.com/funding/github/packagist/composer/composer",
                    "type": "tidelift"
                }
            ],
            "time": "2022-04-01T19:23:25+00:00"
        },
        {
            "name": "illuminate/container",
            "version": "v8.83.27",
            "source": {
                "type": "git",
                "url": "https://github.com/illuminate/container.git",
                "reference": "14062628d05f75047c5a1360b9350028427d568e"
            },
            "dist": {
                "type": "zip",
                "url": "https://api.github.com/repos/illuminate/container/zipball/14062628d05f75047c5a1360b9350028427d568e",
                "reference": "14062628d05f75047c5a1360b9350028427d568e",
                "shasum": ""
            },
            "require": {
                "illuminate/contracts": "^8.0",
                "php": "^7.3|^8.0",
                "psr/container": "^1.0"
            },
            "provide": {
                "psr/container-implementation": "1.0"
            },
            "type": "library",
            "extra": {
                "branch-alias": {
                    "dev-master": "8.x-dev"
                }
            },
            "autoload": {
                "psr-4": {
                    "Illuminate\\Container\\": ""
                }
            },
            "notification-url": "https://packagist.org/downloads/",
            "license": [
                "MIT"
            ],
            "authors": [
                {
                    "name": "Taylor Otwell",
                    "email": "taylor@laravel.com"
                }
            ],
            "description": "The Illuminate Container package.",
            "homepage": "https://laravel.com",
            "support": {
                "issues": "https://github.com/laravel/framework/issues",
                "source": "https://github.com/laravel/framework"
            },
            "time": "2022-02-02T21:03:35+00:00"
        },
        {
            "name": "illuminate/contracts",
            "version": "v8.83.27",
            "source": {
                "type": "git",
                "url": "https://github.com/illuminate/contracts.git",
                "reference": "5e0fd287a1b22a6b346a9f7cd484d8cf0234585d"
            },
            "dist": {
                "type": "zip",
                "url": "https://api.github.com/repos/illuminate/contracts/zipball/5e0fd287a1b22a6b346a9f7cd484d8cf0234585d",
                "reference": "5e0fd287a1b22a6b346a9f7cd484d8cf0234585d",
                "shasum": ""
            },
            "require": {
                "php": "^7.3|^8.0",
                "psr/container": "^1.0",
                "psr/simple-cache": "^1.0"
            },
            "type": "library",
            "extra": {
                "branch-alias": {
                    "dev-master": "8.x-dev"
                }
            },
            "autoload": {
                "psr-4": {
                    "Illuminate\\Contracts\\": ""
                }
            },
            "notification-url": "https://packagist.org/downloads/",
            "license": [
                "MIT"
            ],
            "authors": [
                {
                    "name": "Taylor Otwell",
                    "email": "taylor@laravel.com"
                }
            ],
            "description": "The Illuminate Contracts package.",
            "homepage": "https://laravel.com",
            "support": {
                "issues": "https://github.com/laravel/framework/issues",
                "source": "https://github.com/laravel/framework"
            },
            "time": "2022-01-13T14:47:47+00:00"
        },
        {
            "name": "psr/container",
            "version": "1.1.2",
            "source": {
                "type": "git",
                "url": "https://github.com/php-fig/container.git",
                "reference": "513e0666f7216c7459170d56df27dfcefe1689ea"
            },
            "dist": {
                "type": "zip",
                "url": "https://api.github.com/repos/php-fig/container/zipball/513e0666f7216c7459170d56df27dfcefe1689ea",
                "reference": "513e0666f7216c7459170d56df27dfcefe1689ea",
                "shasum": ""
            },
            "require": {
                "php": ">=7.4.0"
            },
            "type": "library",
            "autoload": {
                "psr-4": {
                    "Psr\\Container\\": "src/"
                }
            },
            "notification-url": "https://packagist.org/downloads/",
            "license": [
                "MIT"
            ],
            "authors": [
                {
                    "name": "PHP-FIG",
                    "homepage": "https://www.php-fig.org/"
                }
            ],
            "description": "Common Container Interface (PHP FIG PSR-11)",
            "homepage": "https://github.com/php-fig/container",
            "keywords": [
                "PSR-11",
                "container",
                "container-interface",
                "container-interop",
                "psr"
            ],
            "support": {
                "issues": "https://github.com/php-fig/container/issues",
                "source": "https://github.com/php-fig/container/tree/1.1.2"
            },
            "time": "2021-11-05T16:50:12+00:00"
        },
        {
            "name": "psr/simple-cache",
            "version": "1.0.1",
            "source": {
                "type": "git",
                "url": "https://github.com/php-fig/simple-cache.git",
                "reference": "408d5eafb83c57f6365a3ca330ff23aa4a5fa39b"
            },
            "dist": {
                "type": "zip",
                "url": "https://api.github.com/repos/php-fig/simple-cache/zipball/408d5eafb83c57f6365a3ca330ff23aa4a5fa39b",
                "reference": "408d5eafb83c57f6365a3ca330ff23aa4a5fa39b",
                "shasum": ""
            },
            "require": {
                "php": ">=5.3.0"
            },
            "type": "library",
            "extra": {
                "branch-alias": {
                    "dev-master": "1.0.x-dev"
                }
            },
            "autoload": {
                "psr-4": {
                    "Psr\\SimpleCache\\": "src/"
                }
            },
            "notification-url": "https://packagist.org/downloads/",
            "license": [
                "MIT"
            ],
            "authors": [
                {
                    "name": "PHP-FIG",
                    "homepage": "http://www.php-fig.org/"
                }
            ],
            "description": "Common interfaces for simple caching",
            "keywords": [
                "cache",
                "caching",
                "psr",
                "psr-16",
                "simple-cache"
            ],
            "support": {
                "source": "https://github.com/php-fig/simple-cache/tree/master"
            },
            "time": "2017-10-23T01:57:42+00:00"
        },
        {
            "name": "symfony/filesystem",
            "version": "v4.4.42",
            "source": {
                "type": "git",
                "url": "https://github.com/symfony/filesystem.git",
                "reference": "815412ee8971209bd4c1eecd5f4f481eacd44bf5"
            },
            "dist": {
                "type": "zip",
                "url": "https://api.github.com/repos/symfony/filesystem/zipball/815412ee8971209bd4c1eecd5f4f481eacd44bf5",
                "reference": "815412ee8971209bd4c1eecd5f4f481eacd44bf5",
                "shasum": ""
            },
            "require": {
                "php": ">=7.1.3",
                "symfony/polyfill-ctype": "~1.8",
                "symfony/polyfill-php80": "^1.16"
            },
            "type": "library",
            "autoload": {
                "psr-4": {
                    "Symfony\\Component\\Filesystem\\": ""
                },
                "exclude-from-classmap": [
                    "/Tests/"
                ]
            },
            "notification-url": "https://packagist.org/downloads/",
            "license": [
                "MIT"
            ],
            "authors": [
                {
                    "name": "Fabien Potencier",
                    "email": "fabien@symfony.com"
                },
                {
                    "name": "Symfony Community",
                    "homepage": "https://symfony.com/contributors"
                }
            ],
            "description": "Provides basic utilities for the filesystem",
            "homepage": "https://symfony.com",
            "support": {
                "source": "https://github.com/symfony/filesystem/tree/v4.4.42"
            },
            "funding": [
                {
                    "url": "https://symfony.com/sponsor",
                    "type": "custom"
                },
                {
                    "url": "https://github.com/fabpot",
                    "type": "github"
                },
                {
                    "url": "https://tidelift.com/funding/github/packagist/symfony/symfony",
                    "type": "tidelift"
                }
            ],
            "time": "2022-05-20T08:49:14+00:00"
        },
        {
            "name": "symfony/polyfill-ctype",
            "version": "v1.27.0",
            "source": {
                "type": "git",
                "url": "https://github.com/symfony/polyfill-ctype.git",
                "reference": "5bbc823adecdae860bb64756d639ecfec17b050a"
            },
            "dist": {
                "type": "zip",
                "url": "https://api.github.com/repos/symfony/polyfill-ctype/zipball/5bbc823adecdae860bb64756d639ecfec17b050a",
                "reference": "5bbc823adecdae860bb64756d639ecfec17b050a",
                "shasum": ""
            },
            "require": {
                "php": ">=7.1"
            },
            "provide": {
                "ext-ctype": "*"
            },
            "suggest": {
                "ext-ctype": "For best performance"
            },
            "type": "library",
            "extra": {
                "branch-alias": {
                    "dev-main": "1.27-dev"
                },
                "thanks": {
                    "name": "symfony/polyfill",
                    "url": "https://github.com/symfony/polyfill"
                }
            },
            "autoload": {
                "files": [
                    "bootstrap.php"
                ],
                "psr-4": {
                    "Symfony\\Polyfill\\Ctype\\": ""
                }
            },
            "notification-url": "https://packagist.org/downloads/",
            "license": [
                "MIT"
            ],
            "authors": [
                {
                    "name": "Gert de Pagter",
                    "email": "BackEndTea@gmail.com"
                },
                {
                    "name": "Symfony Community",
                    "homepage": "https://symfony.com/contributors"
                }
            ],
            "description": "Symfony polyfill for ctype functions",
            "homepage": "https://symfony.com",
            "keywords": [
                "compatibility",
                "ctype",
                "polyfill",
                "portable"
            ],
            "support": {
                "source": "https://github.com/symfony/polyfill-ctype/tree/v1.27.0"
            },
            "funding": [
                {
                    "url": "https://symfony.com/sponsor",
                    "type": "custom"
                },
                {
                    "url": "https://github.com/fabpot",
                    "type": "github"
                },
                {
                    "url": "https://tidelift.com/funding/github/packagist/symfony/symfony",
                    "type": "tidelift"
                }
            ],
            "time": "2022-11-03T14:55:06+00:00"
        },
        {
            "name": "symfony/polyfill-php80",
            "version": "v1.27.0",
            "source": {
                "type": "git",
                "url": "https://github.com/symfony/polyfill-php80.git",
                "reference": "7a6ff3f1959bb01aefccb463a0f2cd3d3d2fd936"
            },
            "dist": {
                "type": "zip",
                "url": "https://api.github.com/repos/symfony/polyfill-php80/zipball/7a6ff3f1959bb01aefccb463a0f2cd3d3d2fd936",
                "reference": "7a6ff3f1959bb01aefccb463a0f2cd3d3d2fd936",
                "shasum": ""
            },
            "require": {
                "php": ">=7.1"
            },
            "type": "library",
            "extra": {
                "branch-alias": {
                    "dev-main": "1.27-dev"
                },
                "thanks": {
                    "name": "symfony/polyfill",
                    "url": "https://github.com/symfony/polyfill"
                }
            },
            "autoload": {
                "files": [
                    "bootstrap.php"
                ],
                "psr-4": {
                    "Symfony\\Polyfill\\Php80\\": ""
                },
                "classmap": [
                    "Resources/stubs"
                ]
            },
            "notification-url": "https://packagist.org/downloads/",
            "license": [
                "MIT"
            ],
            "authors": [
                {
                    "name": "Ion Bazan",
                    "email": "ion.bazan@gmail.com"
                },
                {
                    "name": "Nicolas Grekas",
                    "email": "p@tchwork.com"
                },
                {
                    "name": "Symfony Community",
                    "homepage": "https://symfony.com/contributors"
                }
            ],
            "description": "Symfony polyfill backporting some PHP 8.0+ features to lower PHP versions",
            "homepage": "https://symfony.com",
            "keywords": [
                "compatibility",
                "polyfill",
                "portable",
                "shim"
            ],
            "support": {
                "source": "https://github.com/symfony/polyfill-php80/tree/v1.27.0"
            },
            "funding": [
                {
                    "url": "https://symfony.com/sponsor",
                    "type": "custom"
                },
                {
                    "url": "https://github.com/fabpot",
                    "type": "github"
                },
                {
                    "url": "https://tidelift.com/funding/github/packagist/symfony/symfony",
                    "type": "tidelift"
                }
            ],
            "time": "2022-11-03T14:55:06+00:00"
        },
        {
            "name": "wp-cli/config-command",
            "version": "v2.1.5",
            "source": {
                "type": "git",
                "url": "https://github.com/wp-cli/config-command.git",
                "reference": "112ab8af6564084a3599c0f4d90ac91911cf565e"
            },
            "dist": {
                "type": "zip",
                "url": "https://api.github.com/repos/wp-cli/config-command/zipball/112ab8af6564084a3599c0f4d90ac91911cf565e",
                "reference": "112ab8af6564084a3599c0f4d90ac91911cf565e",
                "shasum": ""
            },
            "require": {
                "wp-cli/wp-cli": "^2.5",
                "wp-cli/wp-config-transformer": "^1.2.1"
            },
            "require-dev": {
                "wp-cli/db-command": "^1.3 || ^2",
                "wp-cli/wp-cli-tests": "^3.1"
            },
            "type": "wp-cli-package",
            "extra": {
                "branch-alias": {
                    "dev-main": "2.x-dev"
                },
                "bundled": true,
                "commands": [
                    "config",
                    "config edit",
                    "config delete",
                    "config create",
                    "config get",
                    "config has",
                    "config list",
                    "config path",
                    "config set",
                    "config shuffle-salts"
                ]
            },
            "autoload": {
                "files": [
                    "config-command.php"
                ],
                "classmap": [
                    "src/"
                ]
            },
            "notification-url": "https://packagist.org/downloads/",
            "license": [
                "MIT"
            ],
            "authors": [
                {
                    "name": "Daniel Bachhuber",
                    "email": "daniel@runcommand.io",
                    "homepage": "https://runcommand.io"
                },
                {
                    "name": "Alain Schlesser",
                    "email": "alain.schlesser@gmail.com",
                    "homepage": "https://www.alainschlesser.com"
                }
            ],
            "description": "Generates and reads the wp-config.php file.",
            "homepage": "https://github.com/wp-cli/config-command",
            "support": {
                "issues": "https://github.com/wp-cli/config-command/issues",
                "source": "https://github.com/wp-cli/config-command/tree/v2.1.5"
            },
            "time": "2023-02-17T16:29:34+00:00"
        },
        {
            "name": "wp-cli/core-command",
            "version": "v2.1.10",
            "source": {
                "type": "git",
                "url": "https://github.com/wp-cli/core-command.git",
                "reference": "181f41645a8ca869d886a0ce84fbde2008bdab9f"
            },
            "dist": {
                "type": "zip",
                "url": "https://api.github.com/repos/wp-cli/core-command/zipball/181f41645a8ca869d886a0ce84fbde2008bdab9f",
                "reference": "181f41645a8ca869d886a0ce84fbde2008bdab9f",
                "shasum": ""
            },
            "require": {
                "composer/semver": "^1.4 || ^2 || ^3",
                "wp-cli/wp-cli": "^2.5.1"
            },
            "require-dev": {
                "wp-cli/checksum-command": "^1 || ^2",
                "wp-cli/db-command": "^1.3 || ^2",
                "wp-cli/entity-command": "^1.3 || ^2",
                "wp-cli/extension-command": "^1.2 || ^2",
                "wp-cli/wp-cli-tests": "^3.1.4"
            },
            "type": "wp-cli-package",
            "extra": {
                "branch-alias": {
                    "dev-main": "2.x-dev"
                },
                "bundled": true,
                "commands": [
                    "core",
                    "core check-update",
                    "core download",
                    "core install",
                    "core is-installed",
                    "core multisite-convert",
                    "core multisite-install",
                    "core update",
                    "core update-db",
                    "core version"
                ]
            },
            "autoload": {
                "files": [
                    "core-command.php"
                ],
                "classmap": [
                    "src/"
                ]
            },
            "notification-url": "https://packagist.org/downloads/",
            "license": [
                "MIT"
            ],
            "authors": [
                {
                    "name": "Daniel Bachhuber",
                    "email": "daniel@runcommand.io",
                    "homepage": "https://runcommand.io"
                }
            ],
            "description": "Downloads, installs, updates, and manages a WordPress installation.",
            "homepage": "https://github.com/wp-cli/core-command",
            "support": {
                "issues": "https://github.com/wp-cli/core-command/issues",
                "source": "https://github.com/wp-cli/core-command/tree/v2.1.10"
            },
            "time": "2023-04-10T13:44:51+00:00"
        },
        {
            "name": "wp-cli/db-command",
            "version": "v2.0.25",
            "source": {
                "type": "git",
                "url": "https://github.com/wp-cli/db-command.git",
                "reference": "258b9b348d5d1cf884881b1bd1efc819e735af0d"
            },
            "dist": {
                "type": "zip",
                "url": "https://api.github.com/repos/wp-cli/db-command/zipball/258b9b348d5d1cf884881b1bd1efc819e735af0d",
                "reference": "258b9b348d5d1cf884881b1bd1efc819e735af0d",
                "shasum": ""
            },
            "require": {
                "wp-cli/wp-cli": "^2.5"
            },
            "require-dev": {
                "wp-cli/entity-command": "^1.3 || ^2",
                "wp-cli/wp-cli-tests": "^3.1"
            },
            "type": "wp-cli-package",
            "extra": {
                "branch-alias": {
                    "dev-main": "2.x-dev"
                },
                "bundled": true,
                "commands": [
                    "db",
                    "db clean",
                    "db create",
                    "db drop",
                    "db reset",
                    "db check",
                    "db optimize",
                    "db prefix",
                    "db repair",
                    "db cli",
                    "db query",
                    "db export",
                    "db import",
                    "db search",
                    "db tables",
                    "db size",
                    "db columns"
                ]
            },
            "autoload": {
                "files": [
                    "db-command.php"
                ],
                "classmap": [
                    "src/"
                ]
            },
            "notification-url": "https://packagist.org/downloads/",
            "license": [
                "MIT"
            ],
            "authors": [
                {
                    "name": "Daniel Bachhuber",
                    "email": "daniel@runcommand.io",
                    "homepage": "https://runcommand.io"
                }
            ],
            "description": "Performs basic database operations using credentials stored in wp-config.php.",
            "homepage": "https://github.com/wp-cli/db-command",
            "support": {
                "issues": "https://github.com/wp-cli/db-command/issues",
                "source": "https://github.com/wp-cli/db-command/tree/v2.0.25"
            },
            "time": "2023-02-17T16:38:54+00:00"
        },
        {
            "name": "wp-cli/wp-config-transformer",
            "version": "v1.3.2",
            "source": {
                "type": "git",
                "url": "https://github.com/wp-cli/wp-config-transformer.git",
                "reference": "474bce451d435993a4c300368557ee7637b58e9b"
            },
            "dist": {
                "type": "zip",
                "url": "https://api.github.com/repos/wp-cli/wp-config-transformer/zipball/474bce451d435993a4c300368557ee7637b58e9b",
                "reference": "474bce451d435993a4c300368557ee7637b58e9b",
                "shasum": ""
            },
            "require": {
                "php": "^5.6 || ^7.0 || ^8.0"
            },
            "require-dev": {
                "wp-cli/wp-cli-tests": "^3.1"
            },
            "type": "library",
            "autoload": {
                "files": [
                    "src/WPConfigTransformer.php"
                ]
            },
            "notification-url": "https://packagist.org/downloads/",
            "license": [
                "MIT"
            ],
            "authors": [
                {
                    "name": "Frankie Jarrett",
                    "email": "fjarrett@gmail.com"
                }
            ],
            "description": "Programmatically edit a wp-config.php file.",
            "homepage": "https://github.com/wp-cli/wp-config-transformer",
            "support": {
                "issues": "https://github.com/wp-cli/wp-config-transformer/issues",
                "source": "https://github.com/wp-cli/wp-config-transformer/tree/v1.3.2"
            },
            "time": "2023-04-12T22:59:37+00:00"
        }
    ],
    "packages-dev": [],
    "aliases": [],
    "minimum-stability": "dev",
    "stability-flags": {
        "aaemnnosttv/wp-cli-valet-command": 0
    },
    "prefer-stable": true,
    "prefer-lowest": false,
    "platform": [],
    "platform-dev": [],
    "plugin-api-version": "2.2.0"
}
